// !$*UTF8*$!
{
	archiveVersion = 1;
	classes = {
	};
	objectVersion = 46;
	objects = {

/* Begin PBXBuildFile section */
		2D2667D31E1139EC007D1279 /* main.m in Sources */ = {isa = PBXBuildFile; fileRef = 2D2667D01E1139EC007D1279 /* main.m */; };
		2D2667D41E1139EC007D1279 /* mp4parser.c in Sources */ = {isa = PBXBuildFile; fileRef = 2D2667D11E1139EC007D1279 /* mp4parser.c */; };
		2D2667DC1E1139FB007D1279 /* Tests.m in Sources */ = {isa = PBXBuildFile; fileRef = 2D2667DB1E1139FB007D1279 /* Tests.m */; };
		2D2667E31E113AC7007D1279 /* mp4parser.c in Sources */ = {isa = PBXBuildFile; fileRef = 2D2667D11E1139EC007D1279 /* mp4parser.c */; };
		2D59D0F81E113BBE00B6E504 /* MainMenu.xib in Resources */ = {isa = PBXBuildFile; fileRef = 2D59D0F71E113BBE00B6E504 /* MainMenu.xib */; };
/* End PBXBuildFile section */

/* Begin PBXContainerItemProxy section */
		2D2667DE1E1139FB007D1279 /* PBXContainerItemProxy */ = {
			isa = PBXContainerItemProxy;
			containerPortal = 2D2667B41E1139AC007D1279 /* Project object */;
			proxyType = 1;
			remoteGlobalIDString = 2D2667BB1E1139AC007D1279;
			remoteInfo = mp4parser;
		};
/* End PBXContainerItemProxy section */

/* Begin PBXFileReference section */
		2D2667BC1E1139AC007D1279 /* mp4parser.app */ = {isa = PBXFileReference; explicitFileType = wrapper.application; includeInIndex = 0; path = mp4parser.app; sourceTree = BUILT_PRODUCTS_DIR; };
		2D2667CA1E1139AD007D1279 /* Info.plist */ = {isa = PBXFileReference; lastKnownFileType = text.plist.xml; path = Info.plist; sourceTree = "<group>"; };
		2D2667D01E1139EC007D1279 /* main.m */ = {isa = PBXFileReference; fileEncoding = 4; lastKnownFileType = sourcecode.c.objc; path = main.m; sourceTree = SOURCE_ROOT; };
		2D2667D11E1139EC007D1279 /* mp4parser.c */ = {isa = PBXFileReference; fileEncoding = 4; lastKnownFileType = sourcecode.c.c; path = mp4parser.c; sourceTree = SOURCE_ROOT; };
		2D2667D21E1139EC007D1279 /* mp4parser.h */ = {isa = PBXFileReference; fileEncoding = 4; lastKnownFileType = sourcecode.c.h; path = mp4parser.h; sourceTree = SOURCE_ROOT; };
		2D2667D91E1139FB007D1279 /* Tests.xctest */ = {isa = PBXFileReference; explicitFileType = wrapper.cfbundle; includeInIndex = 0; path = Tests.xctest; sourceTree = BUILT_PRODUCTS_DIR; };
		2D2667DB1E1139FB007D1279 /* Tests.m */ = {isa = PBXFileReference; lastKnownFileType = sourcecode.c.objc; path = Tests.m; sourceTree = "<group>"; };
		2D2667DD1E1139FB007D1279 /* Info.plist */ = {isa = PBXFileReference; lastKnownFileType = text.plist.xml; path = Info.plist; sourceTree = "<group>"; };
		2D59D0F71E113BBE00B6E504 /* MainMenu.xib */ = {isa = PBXFileReference; fileEncoding = 4; lastKnownFileType = file.xib; path = MainMenu.xib; sourceTree = "<group>"; };
/* End PBXFileReference section */

/* Begin PBXFrameworksBuildPhase section */
		2D2667B91E1139AC007D1279 /* Frameworks */ = {
			isa = PBXFrameworksBuildPhase;
			buildActionMask = 2147483647;
			files = (
			);
			runOnlyForDeploymentPostprocessing = 0;
		};
		2D2667D61E1139FB007D1279 /* Frameworks */ = {
			isa = PBXFrameworksBuildPhase;
			buildActionMask = 2147483647;
			files = (
			);
			runOnlyForDeploymentPostprocessing = 0;
		};
/* End PBXFrameworksBuildPhase section */

/* Begin PBXGroup section */
		2D2667B31E1139AC007D1279 = {
			isa = PBXGroup;
			children = (
				2D2667BE1E1139AC007D1279 /* mp4parser */,
				2D2667DA1E1139FB007D1279 /* Tests */,
				2D2667BD1E1139AC007D1279 /* Products */,
			);
			sourceTree = "<group>";
		};
		2D2667BD1E1139AC007D1279 /* Products */ = {
			isa = PBXGroup;
			children = (
				2D2667BC1E1139AC007D1279 /* mp4parser.app */,
				2D2667D91E1139FB007D1279 /* Tests.xctest */,
			);
			name = Products;
			sourceTree = "<group>";
		};
		2D2667BE1E1139AC007D1279 /* mp4parser */ = {
			isa = PBXGroup;
			children = (
				2D2667D01E1139EC007D1279 /* main.m */,
				2D2667D11E1139EC007D1279 /* mp4parser.c */,
				2D2667D21E1139EC007D1279 /* mp4parser.h */,
				2D2667CA1E1139AD007D1279 /* Info.plist */,
				2D59D0F71E113BBE00B6E504 /* MainMenu.xib */,
			);
			path = mp4parser;
			sourceTree = "<group>";
		};
		2D2667DA1E1139FB007D1279 /* Tests */ = {
			isa = PBXGroup;
			children = (
				2D2667DB1E1139FB007D1279 /* Tests.m */,
				2D2667DD1E1139FB007D1279 /* Info.plist */,
			);
			path = Tests;
			sourceTree = "<group>";
		};
/* End PBXGroup section */

/* Begin PBXNativeTarget section */
		2D2667BB1E1139AC007D1279 /* mp4parser */ = {
			isa = PBXNativeTarget;
			buildConfigurationList = 2D2667CD1E1139AD007D1279 /* Build configuration list for PBXNativeTarget "mp4parser" */;
			buildPhases = (
				2D2667B81E1139AC007D1279 /* Sources */,
				2D2667B91E1139AC007D1279 /* Frameworks */,
				2D2667BA1E1139AC007D1279 /* Resources */,
			);
			buildRules = (
			);
			dependencies = (
			);
			name = mp4parser;
			productName = mp4parser;
			productReference = 2D2667BC1E1139AC007D1279 /* mp4parser.app */;
			productType = "com.apple.product-type.application";
		};
		2D2667D81E1139FB007D1279 /* Tests */ = {
			isa = PBXNativeTarget;
			buildConfigurationList = 2D2667E01E1139FB007D1279 /* Build configuration list for PBXNativeTarget "Tests" */;
			buildPhases = (
				2D2667D51E1139FB007D1279 /* Sources */,
				2D2667D61E1139FB007D1279 /* Frameworks */,
				2D2667D71E1139FB007D1279 /* Resources */,
			);
			buildRules = (
			);
			dependencies = (
				2D2667DF1E1139FB007D1279 /* PBXTargetDependency */,
			);
			name = Tests;
			productName = Tests;
			productReference = 2D2667D91E1139FB007D1279 /* Tests.xctest */;
			productType = "com.apple.product-type.bundle.unit-test";
		};
/* End PBXNativeTarget section */

/* Begin PBXProject section */
		2D2667B41E1139AC007D1279 /* Project object */ = {
			isa = PBXProject;
			attributes = {
				LastUpgradeCheck = 0820;
				ORGANIZATIONNAME = "Alexey Yakovenko";
				TargetAttributes = {
					2D2667BB1E1139AC007D1279 = {
						CreatedOnToolsVersion = 8.2.1;
						ProvisioningStyle = Automatic;
					};
					2D2667D81E1139FB007D1279 = {
						CreatedOnToolsVersion = 8.2.1;
						ProvisioningStyle = Automatic;
						TestTargetID = 2D2667BB1E1139AC007D1279;
					};
				};
			};
			buildConfigurationList = 2D2667B71E1139AC007D1279 /* Build configuration list for PBXProject "mp4parser" */;
			compatibilityVersion = "Xcode 3.2";
			developmentRegion = English;
			hasScannedForEncodings = 0;
			knownRegions = (
				en,
				Base,
			);
			mainGroup = 2D2667B31E1139AC007D1279;
			productRefGroup = 2D2667BD1E1139AC007D1279 /* Products */;
			projectDirPath = "";
			projectRoot = "";
			targets = (
				2D2667BB1E1139AC007D1279 /* mp4parser */,
				2D2667D81E1139FB007D1279 /* Tests */,
			);
		};
/* End PBXProject section */

/* Begin PBXResourcesBuildPhase section */
		2D2667BA1E1139AC007D1279 /* Resources */ = {
			isa = PBXResourcesBuildPhase;
			buildActionMask = 2147483647;
			files = (
				2D59D0F81E113BBE00B6E504 /* MainMenu.xib in Resources */,
			);
			runOnlyForDeploymentPostprocessing = 0;
		};
		2D2667D71E1139FB007D1279 /* Resources */ = {
			isa = PBXResourcesBuildPhase;
			buildActionMask = 2147483647;
			files = (
			);
			runOnlyForDeploymentPostprocessing = 0;
		};
/* End PBXResourcesBuildPhase section */

/* Begin PBXSourcesBuildPhase section */
		2D2667B81E1139AC007D1279 /* Sources */ = {
			isa = PBXSourcesBuildPhase;
			buildActionMask = 2147483647;
			files = (
				2D2667D41E1139EC007D1279 /* mp4parser.c in Sources */,
				2D2667D31E1139EC007D1279 /* main.m in Sources */,
			);
			runOnlyForDeploymentPostprocessing = 0;
		};
		2D2667D51E1139FB007D1279 /* Sources */ = {
			isa = PBXSourcesBuildPhase;
			buildActionMask = 2147483647;
			files = (
				2D2667E31E113AC7007D1279 /* mp4parser.c in Sources */,
				2D2667DC1E1139FB007D1279 /* Tests.m in Sources */,
			);
			runOnlyForDeploymentPostprocessing = 0;
		};
/* End PBXSourcesBuildPhase section */

/* Begin PBXTargetDependency section */
		2D2667DF1E1139FB007D1279 /* PBXTargetDependency */ = {
			isa = PBXTargetDependency;
			target = 2D2667BB1E1139AC007D1279 /* mp4parser */;
			targetProxy = 2D2667DE1E1139FB007D1279 /* PBXContainerItemProxy */;
		};
/* End PBXTargetDependency section */

/* Begin XCBuildConfiguration section */
		2D2667CB1E1139AD007D1279 /* Debug */ = {
			isa = XCBuildConfiguration;
			buildSettings = {
				ALWAYS_SEARCH_USER_PATHS = NO;
				CLANG_ANALYZER_NONNULL = YES;
				CLANG_CXX_LANGUAGE_STANDARD = "gnu++0x";
				CLANG_CXX_LIBRARY = "libc++";
				CLANG_ENABLE_MODULES = YES;
				CLANG_ENABLE_OBJC_ARC = YES;
				CLANG_WARN_BOOL_CONVERSION = YES;
				CLANG_WARN_CONSTANT_CONVERSION = YES;
				CLANG_WARN_DIRECT_OBJC_ISA_USAGE = YES_ERROR;
				CLANG_WARN_DOCUMENTATION_COMMENTS = YES;
				CLANG_WARN_EMPTY_BODY = YES;
				CLANG_WARN_ENUM_CONVERSION = YES;
				CLANG_WARN_INFINITE_RECURSION = YES;
				CLANG_WARN_INT_CONVERSION = YES;
				CLANG_WARN_OBJC_ROOT_CLASS = YES_ERROR;
				CLANG_WARN_SUSPICIOUS_MOVE = YES;
				CLANG_WARN_UNREACHABLE_CODE = YES;
				CLANG_WARN__DUPLICATE_METHOD_MATCH = YES;
				CODE_SIGN_IDENTITY = "-";
				COPY_PHASE_STRIP = NO;
				DEBUG_INFORMATION_FORMAT = dwarf;
				ENABLE_STRICT_OBJC_MSGSEND = YES;
				ENABLE_TESTABILITY = YES;
				GCC_C_LANGUAGE_STANDARD = gnu99;
				GCC_DYNAMIC_NO_PIC = NO;
				GCC_NO_COMMON_BLOCKS = YES;
				GCC_OPTIMIZATION_LEVEL = 0;
				GCC_PREPROCESSOR_DEFINITIONS = (
					"DEBUG=1",
					"$(inherited)",
				);
				GCC_WARN_64_TO_32_BIT_CONVERSION = YES;
				GCC_WARN_ABOUT_RETURN_TYPE = YES_ERROR;
				GCC_WARN_UNDECLARED_SELECTOR = YES;
				GCC_WARN_UNINITIALIZED_AUTOS = YES_AGGRESSIVE;
				GCC_WARN_UNUSED_FUNCTION = YES;
				GCC_WARN_UNUSED_VARIABLE = YES;
				MACOSX_DEPLOYMENT_TARGET = 10.12;
				MTL_ENABLE_DEBUG_INFO = YES;
				ONLY_ACTIVE_ARCH = YES;
				SDKROOT = macosx;
			};
			name = Debug;
		};
		2D2667CC1E1139AD007D1279 /* Release */ = {
			isa = XCBuildConfiguration;
			buildSettings = {
				ALWAYS_SEARCH_USER_PATHS = NO;
				CLANG_ANALYZER_NONNULL = YES;
				CLANG_CXX_LANGUAGE_STANDARD = "gnu++0x";
				CLANG_CXX_LIBRARY = "libc++";
				CLANG_ENABLE_MODULES = YES;
				CLANG_ENABLE_OBJC_ARC = YES;
				CLANG_WARN_BOOL_CONVERSION = YES;
				CLANG_WARN_CONSTANT_CONVERSION = YES;
				CLANG_WARN_DIRECT_OBJC_ISA_USAGE = YES_ERROR;
				CLANG_WARN_DOCUMENTATION_COMMENTS = YES;
				CLANG_WARN_EMPTY_BODY = YES;
				CLANG_WARN_ENUM_CONVERSION = YES;
				CLANG_WARN_INFINITE_RECURSION = YES;
				CLANG_WARN_INT_CONVERSION = YES;
				CLANG_WARN_OBJC_ROOT_CLASS = YES_ERROR;
				CLANG_WARN_SUSPICIOUS_MOVE = YES;
				CLANG_WARN_UNREACHABLE_CODE = YES;
				CLANG_WARN__DUPLICATE_METHOD_MATCH = YES;
				CODE_SIGN_IDENTITY = "-";
				COPY_PHASE_STRIP = NO;
				DEBUG_INFORMATION_FORMAT = "dwarf-with-dsym";
				ENABLE_NS_ASSERTIONS = NO;
				ENABLE_STRICT_OBJC_MSGSEND = YES;
				GCC_C_LANGUAGE_STANDARD = gnu99;
				GCC_NO_COMMON_BLOCKS = YES;
				GCC_WARN_64_TO_32_BIT_CONVERSION = YES;
				GCC_WARN_ABOUT_RETURN_TYPE = YES_ERROR;
				GCC_WARN_UNDECLARED_SELECTOR = YES;
				GCC_WARN_UNINITIALIZED_AUTOS = YES_AGGRESSIVE;
				GCC_WARN_UNUSED_FUNCTION = YES;
				GCC_WARN_UNUSED_VARIABLE = YES;
				MACOSX_DEPLOYMENT_TARGET = 10.12;
				MTL_ENABLE_DEBUG_INFO = NO;
				SDKROOT = macosx;
			};
			name = Release;
		};
		2D2667CE1E1139AD007D1279 /* Debug */ = {
			isa = XCBuildConfiguration;
			buildSettings = {
				ASSETCATALOG_COMPILER_APPICON_NAME = AppIcon;
				COMBINE_HIDPI_IMAGES = YES;
				INFOPLIST_FILE = mp4parser/Info.plist;
				LD_RUNPATH_SEARCH_PATHS = "$(inherited) @executable_path/../Frameworks";
				PRODUCT_BUNDLE_IDENTIFIER = com.ddb.mp4parser;
				PRODUCT_NAME = "$(TARGET_NAME)";
			};
			name = Debug;
		};
		2D2667CF1E1139AD007D1279 /* Release */ = {
			isa = XCBuildConfiguration;
			buildSettings = {
				ASSETCATALOG_COMPILER_APPICON_NAME = AppIcon;
				COMBINE_HIDPI_IMAGES = YES;
				INFOPLIST_FILE = mp4parser/Info.plist;
				LD_RUNPATH_SEARCH_PATHS = "$(inherited) @executable_path/../Frameworks";
				PRODUCT_BUNDLE_IDENTIFIER = com.ddb.mp4parser;
				PRODUCT_NAME = "$(TARGET_NAME)";
			};
			name = Release;
		};
		2D2667E11E1139FB007D1279 /* Debug */ = {
			isa = XCBuildConfiguration;
			buildSettings = {
				BUNDLE_LOADER = "$(TEST_HOST)";
				COMBINE_HIDPI_IMAGES = YES;
				INFOPLIST_FILE = Tests/Info.plist;
				LD_RUNPATH_SEARCH_PATHS = "$(inherited) @executable_path/../Frameworks @loader_path/../Frameworks";
				PRODUCT_BUNDLE_IDENTIFIER = com.ddb.Tests;
				PRODUCT_NAME = "$(TARGET_NAME)";
				TEST_HOST = "$(BUILT_PRODUCTS_DIR)/mp4parser.app/Contents/MacOS/mp4parser";
			};
			name = Debug;
		};
		2D2667E21E1139FB007D1279 /* Release */ = {
			isa = XCBuildConfiguration;
			buildSettings = {
				BUNDLE_LOADER = "$(TEST_HOST)";
				COMBINE_HIDPI_IMAGES = YES;
				INFOPLIST_FILE = Tests/Info.plist;
				LD_RUNPATH_SEARCH_PATHS = "$(inherited) @executable_path/../Frameworks @loader_path/../Frameworks";
				PRODUCT_BUNDLE_IDENTIFIER = com.ddb.Tests;
				PRODUCT_NAME = "$(TARGET_NAME)";
				TEST_HOST = "$(BUILT_PRODUCTS_DIR)/mp4parser.app/Contents/MacOS/mp4parser";
			};
			name = Release;
		};
/* End XCBuildConfiguration section */

/* Begin XCConfigurationList section */
		2D2667B71E1139AC007D1279 /* Build configuration list for PBXProject "mp4parser" */ = {
			isa = XCConfigurationList;
			buildConfigurations = (
				2D2667CB1E1139AD007D1279 /* Debug */,
				2D2667CC1E1139AD007D1279 /* Release */,
			);
			defaultConfigurationIsVisible = 0;
			defaultConfigurationName = Release;
		};
		2D2667CD1E1139AD007D1279 /* Build configuration list for PBXNativeTarget "mp4parser" */ = {
			isa = XCConfigurationList;
			buildConfigurations = (
				2D2667CE1E1139AD007D1279 /* Debug */,
				2D2667CF1E1139AD007D1279 /* Release */,
			);
			defaultConfigurationIsVisible = 0;
			defaultConfigurationName = Release;
		};
		2D2667E01E1139FB007D1279 /* Build configuration list for PBXNativeTarget "Tests" */ = {
			isa = XCConfigurationList;
			buildConfigurations = (
				2D2667E11E1139FB007D1279 /* Debug */,
				2D2667E21E1139FB007D1279 /* Release */,
			);
			defaultConfigurationIsVisible = 0;
			defaultConfigurationName = Release;
		};
/* End XCConfigurationList section */
	};
	rootObject = 2D2667B41E1139AC007D1279 /* Project object */;
}
