// !$*UTF8*$!
{
	archiveVersion = 1;
	classes = {
	};
	objectVersion = 46;
	objects = {

/* Begin PBXBuildFile section */
		4D40CC4819A609E300E9CC38 /* dsputil_yasm.asm in Sources */ = {isa = PBXBuildFile; fileRef = 4D40CC4619A609E300E9CC38 /* dsputil_yasm.asm */; };
		4DA771921945B4FF00EB0AC1 /* ffap.c in Sources */ = {isa = PBXBuildFile; fileRef = 4DA771911945B4FF00EB0AC1 /* ffap.c */; };
/* End PBXBuildFile section */

/* Begin PBXBuildRule section */
		4D40CC4A19A60A5B00E9CC38 /* PBXBuildRule */ = {
			isa = PBXBuildRule;
			compilerSpec = com.apple.compilers.proxy.script;
			fileType = sourcecode.asm;
			isEditable = 1;
			outputFiles = (
				"${OBJECT_FILE_DIR_normal}/${CURRENT_ARCH}/${INPUT_FILE_BASE}.o",
			);
			script = "/usr/local/bin/yasm -f macho64 -D ARCH_X86_64 -m amd64 -DPIC -DPREFIX -o ${OBJECT_FILE_DIR_normal}/${CURRENT_ARCH}/${INPUT_FILE_BASE}.o ${INPUT_FILE_PATH}";
		};
/* End PBXBuildRule section */

/* Begin PBXFileReference section */
		4D40CC4619A609E300E9CC38 /* dsputil_yasm.asm */ = {isa = PBXFileReference; explicitFileType = sourcecode.asm; name = dsputil_yasm.asm; path = ../plugins/ffap/dsputil_yasm.asm; sourceTree = "<group>"; usesTabs = 0; };
		4DA7717E1945B4B400EB0AC1 /* ffap.dylib */ = {isa = PBXFileReference; explicitFileType = "compiled.mach-o.dylib"; includeInIndex = 0; path = ffap.dylib; sourceTree = BUILT_PRODUCTS_DIR; };
		4DA771911945B4FF00EB0AC1 /* ffap.c */ = {isa = PBXFileReference; fileEncoding = 4; lastKnownFileType = sourcecode.c.c; name = ffap.c; path = ../plugins/ffap/ffap.c; sourceTree = "<group>"; };
/* End PBXFileReference section */

/* Begin PBXFrameworksBuildPhase section */
		4DA7717B1945B4B400EB0AC1 /* Frameworks */ = {
			isa = PBXFrameworksBuildPhase;
			buildActionMask = 2147483647;
			files = (
			);
			runOnlyForDeploymentPostprocessing = 0;
		};
/* End PBXFrameworksBuildPhase section */

/* Begin PBXGroup section */
		4DA771751945B4B400EB0AC1 = {
			isa = PBXGroup;
			children = (
				4D40CC4619A609E300E9CC38 /* dsputil_yasm.asm */,
				4DA771911945B4FF00EB0AC1 /* ffap.c */,
				4DA7717F1945B4B400EB0AC1 /* Products */,
			);
			sourceTree = "<group>";
		};
		4DA7717F1945B4B400EB0AC1 /* Products */ = {
			isa = PBXGroup;
			children = (
				4DA7717E1945B4B400EB0AC1 /* ffap.dylib */,
			);
			name = Products;
			sourceTree = "<group>";
		};
/* End PBXGroup section */

/* Begin PBXHeadersBuildPhase section */
		4DA7717C1945B4B400EB0AC1 /* Headers */ = {
			isa = PBXHeadersBuildPhase;
			buildActionMask = 2147483647;
			files = (
			);
			runOnlyForDeploymentPostprocessing = 0;
		};
/* End PBXHeadersBuildPhase section */

/* Begin PBXNativeTarget section */
		4DA7717D1945B4B400EB0AC1 /* ffap */ = {
			isa = PBXNativeTarget;
			buildConfigurationList = 4DA771821945B4B400EB0AC1 /* Build configuration list for PBXNativeTarget "ffap" */;
			buildPhases = (
				4DA7717A1945B4B400EB0AC1 /* Sources */,
				4DA7717B1945B4B400EB0AC1 /* Frameworks */,
				4DA7717C1945B4B400EB0AC1 /* Headers */,
			);
			buildRules = (
				4D40CC4A19A60A5B00E9CC38 /* PBXBuildRule */,
			);
			dependencies = (
			);
			name = ffap;
			productName = ffap;
			productReference = 4DA7717E1945B4B400EB0AC1 /* ffap.dylib */;
			productType = "com.apple.product-type.library.dynamic";
		};
/* End PBXNativeTarget section */

/* Begin PBXProject section */
		4DA771761945B4B400EB0AC1 /* Project object */ = {
			isa = PBXProject;
			attributes = {
				LastUpgradeCheck = 0510;
				ORGANIZATIONNAME = "Alexey Yakovenko";
			};
			buildConfigurationList = 4DA771791945B4B400EB0AC1 /* Build configuration list for PBXProject "ffap" */;
			compatibilityVersion = "Xcode 3.2";
			developmentRegion = English;
			hasScannedForEncodings = 0;
			knownRegions = (
				en,
			);
			mainGroup = 4DA771751945B4B400EB0AC1;
			productRefGroup = 4DA7717F1945B4B400EB0AC1 /* Products */;
			projectDirPath = "";
			projectRoot = "";
			targets = (
				4DA7717D1945B4B400EB0AC1 /* ffap */,
			);
		};
/* End PBXProject section */

/* Begin PBXSourcesBuildPhase section */
		4DA7717A1945B4B400EB0AC1 /* Sources */ = {
			isa = PBXSourcesBuildPhase;
			buildActionMask = 2147483647;
			files = (
				4D40CC4819A609E300E9CC38 /* dsputil_yasm.asm in Sources */,
				4DA771921945B4FF00EB0AC1 /* ffap.c in Sources */,
			);
			runOnlyForDeploymentPostprocessing = 0;
		};
/* End PBXSourcesBuildPhase section */

/* Begin XCBuildConfiguration section */
		4DA771801945B4B400EB0AC1 /* Debug */ = {
			isa = XCBuildConfiguration;
			buildSettings = {
				ALWAYS_SEARCH_USER_PATHS = NO;
				CLANG_CXX_LANGUAGE_STANDARD = "gnu++0x";
				CLANG_CXX_LIBRARY = "libc++";
				CLANG_ENABLE_MODULES = YES;
				CLANG_ENABLE_OBJC_ARC = YES;
				CLANG_WARN_BOOL_CONVERSION = YES;
				CLANG_WARN_CONSTANT_CONVERSION = YES;
				CLANG_WARN_DIRECT_OBJC_ISA_USAGE = YES_ERROR;
				CLANG_WARN_EMPTY_BODY = YES;
				CLANG_WARN_ENUM_CONVERSION = YES;
				CLANG_WARN_INT_CONVERSION = YES;
				CLANG_WARN_OBJC_ROOT_CLASS = YES_ERROR;
				CLANG_WARN__DUPLICATE_METHOD_MATCH = YES;
				COPY_PHASE_STRIP = NO;
				GCC_C_LANGUAGE_STANDARD = gnu99;
				GCC_DYNAMIC_NO_PIC = NO;
				GCC_ENABLE_OBJC_EXCEPTIONS = YES;
				GCC_OPTIMIZATION_LEVEL = 0;
				GCC_PREPROCESSOR_DEFINITIONS = (
					"DEBUG=1",
					"$(inherited)",
				);
				GCC_SYMBOLS_PRIVATE_EXTERN = NO;
				GCC_WARN_64_TO_32_BIT_CONVERSION = YES;
				GCC_WARN_ABOUT_RETURN_TYPE = YES_ERROR;
				GCC_WARN_UNDECLARED_SELECTOR = YES;
				GCC_WARN_UNINITIALIZED_AUTOS = YES_AGGRESSIVE;
				GCC_WARN_UNUSED_FUNCTION = YES;
				GCC_WARN_UNUSED_VARIABLE = YES;
				INSTALL_PATH = "";
				MACOSX_DEPLOYMENT_TARGET = 10.6;
				ONLY_ACTIVE_ARCH = YES;
				SDKROOT = macosx;
				SKIP_INSTALL = YES;
			};
			name = Debug;
		};
		4DA771811945B4B400EB0AC1 /* Release */ = {
			isa = XCBuildConfiguration;
			buildSettings = {
				ALWAYS_SEARCH_USER_PATHS = NO;
				CLANG_CXX_LANGUAGE_STANDARD = "gnu++0x";
				CLANG_CXX_LIBRARY = "libc++";
				CLANG_ENABLE_MODULES = YES;
				CLANG_ENABLE_OBJC_ARC = YES;
				CLANG_WARN_BOOL_CONVERSION = YES;
				CLANG_WARN_CONSTANT_CONVERSION = YES;
				CLANG_WARN_DIRECT_OBJC_ISA_USAGE = YES_ERROR;
				CLANG_WARN_EMPTY_BODY = YES;
				CLANG_WARN_ENUM_CONVERSION = YES;
				CLANG_WARN_INT_CONVERSION = YES;
				CLANG_WARN_OBJC_ROOT_CLASS = YES_ERROR;
				CLANG_WARN__DUPLICATE_METHOD_MATCH = YES;
				COPY_PHASE_STRIP = YES;
				DEBUG_INFORMATION_FORMAT = "dwarf-with-dsym";
				ENABLE_NS_ASSERTIONS = NO;
				GCC_C_LANGUAGE_STANDARD = gnu99;
				GCC_ENABLE_OBJC_EXCEPTIONS = YES;
				GCC_WARN_64_TO_32_BIT_CONVERSION = YES;
				GCC_WARN_ABOUT_RETURN_TYPE = YES_ERROR;
				GCC_WARN_UNDECLARED_SELECTOR = YES;
				GCC_WARN_UNINITIALIZED_AUTOS = YES_AGGRESSIVE;
				GCC_WARN_UNUSED_FUNCTION = YES;
				GCC_WARN_UNUSED_VARIABLE = YES;
				INSTALL_PATH = "";
				MACOSX_DEPLOYMENT_TARGET = 10.6;
				SDKROOT = macosx;
				SKIP_INSTALL = YES;
			};
			name = Release;
		};
		4DA771831945B4B400EB0AC1 /* Debug */ = {
			isa = XCBuildConfiguration;
			buildSettings = {
				EXECUTABLE_PREFIX = "";
				GCC_PREPROCESSOR_DEFINITIONS = (
					"HAVE_SSE2=1",
					"ARCH=ARCH_X86_32",
				);
				PRODUCT_NAME = "$(TARGET_NAME)";
				SKIP_INSTALL = YES;
			};
			name = Debug;
		};
		4DA771841945B4B400EB0AC1 /* Release */ = {
			isa = XCBuildConfiguration;
			buildSettings = {
				EXECUTABLE_PREFIX = "";
				GCC_PREPROCESSOR_DEFINITIONS = (
					"HAVE_SSE2=1",
					"ARCH=ARCH_X86_32",
				);
				PRODUCT_NAME = "$(TARGET_NAME)";
				SKIP_INSTALL = YES;
			};
			name = Release;
		};
/* End XCBuildConfiguration section */

/* Begin XCConfigurationList section */
		4DA771791945B4B400EB0AC1 /* Build configuration list for PBXProject "ffap" */ = {
			isa = XCConfigurationList;
			buildConfigurations = (
				4DA771801945B4B400EB0AC1 /* Debug */,
				4DA771811945B4B400EB0AC1 /* Release */,
			);
			defaultConfigurationIsVisible = 0;
			defaultConfigurationName = Release;
		};
		4DA771821945B4B400EB0AC1 /* Build configuration list for PBXNativeTarget "ffap" */ = {
			isa = XCConfigurationList;
			buildConfigurations = (
				4DA771831945B4B400EB0AC1 /* Debug */,
				4DA771841945B4B400EB0AC1 /* Release */,
			);
			defaultConfigurationIsVisible = 0;
			defaultConfigurationName = Release;
		};
/* End XCConfigurationList section */
	};
	rootObject = 4DA771761945B4B400EB0AC1 /* Project object */;
}
